
Microsoft Visual Studio Solution File, Format Version 12.00
# Visual Studio Version 16
VisualStudioVersion = 16.0.32106.194
MinimumVisualStudioVersion = 10.0.40219.1
Project("{FAE04EC0-301F-11D3-BF4B-00C04F79EFBC}") = "ContosoUniversity", "ContosoUniversity\ContosoUniversity.csproj", "{87AB9A14-7744-4476-92DD-E317FA63B73A}"
EndProject
Global
	GlobalSection(SolutionConfigurationPlatforms) = preSolution
		Debug|Any CPU = Debug|Any CPU
		Release|Any CPU = Release|Any CPU
	EndGlobalSection
	GlobalSection(ProjectConfigurationPlatforms) = postSolution
		{87AB9A14-7744-4476-92DD-E317FA63B73A}.Debug|Any CPU.ActiveCfg = Debug|Any CPU
		{87AB9A14-7744-4476-92DD-E317FA63B73A}.Debug|Any CPU.Build.0 = Debug|Any CPU
		{87AB9A14-7744-4476-92DD-E317FA63B73A}.Release|Any CPU.ActiveCfg = Release|Any CPU
		{87AB9A14-7744-4476-92DD-E317FA63B73A}.Release|Any CPU.Build.0 = Release|Any CPU
	EndGlobalSection
	GlobalSection(SolutionProperties) = preSolution
		HideSolutionNode = FALSE
	EndGlobalSection
	GlobalSection(ExtensibilityGlobals) = postSolution
		SolutionGuid = {0B45D6EB-D0FC-42B9-B54F-DFD0DF742279}
	EndGlobalSection
EndGlobal
